
Microsoft Visual Studio Solution File, Format Version 12.00
# Visual Studio 15
VisualStudioVersion = 15.0.26430.13
MinimumVisualStudioVersion = 10.0.40219.1
Project("{FAE04EC0-301F-11D3-BF4B-00C04F79EFBC}") = "DroneLander.Android", "DroneLander\DroneLander.Android\DroneLander.Android.csproj", "{B3EA5732-6156-45AC-B392-9256E0B27E2C}"
EndProject
Project("{FAE04EC0-301F-11D3-BF4B-00C04F79EFBC}") = "DroneLander", "DroneLander\DroneLander\DroneLander.csproj", "{55C50F3B-FE1D-4ADC-AA3A-9642FEBF3905}"
EndProject
Project("{FAE04EC0-301F-11D3-BF4B-00C04F79EFBC}") = "DroneLander.iOS", "DroneLander\DroneLander.iOS\DroneLander.iOS.csproj", "{93523F72-5449-42AF-9C4C-845CD5D2FABB}"
EndProject
Global
	GlobalSection(SolutionConfigurationPlatforms) = preSolution
		Ad-Hoc|Any CPU = Ad-Hoc|Any CPU
		Ad-Hoc|iPhone = Ad-Hoc|iPhone
		Ad-Hoc|iPhoneSimulator = Ad-Hoc|iPhoneSimulator
		AppStore|Any CPU = AppStore|Any CPU
		AppStore|iPhone = AppStore|iPhone
		AppStore|iPhoneSimulator = AppStore|iPhoneSimulator
		Debug|Any CPU = Debug|Any CPU
		Debug|iPhone = Debug|iPhone
		Debug|iPhoneSimulator = Debug|iPhoneSimulator
		Release|Any CPU = Release|Any CPU
		Release|iPhone = Release|iPhone
		Release|iPhoneSimulator = Release|iPhoneSimulator
	EndGlobalSection
	GlobalSection(ProjectConfigurationPlatforms) = postSolution
		{B3EA5732-6156-45AC-B392-9256E0B27E2C}.Ad-Hoc|Any CPU.ActiveCfg = Release|Any CPU
		{B3EA5732-6156-45AC-B392-9256E0B27E2C}.Ad-Hoc|Any CPU.Build.0 = Release|Any CPU
		{B3EA5732-6156-45AC-B392-9256E0B27E2C}.Ad-Hoc|Any CPU.Deploy.0 = Release|Any CPU
		{B3EA5732-6156-45AC-B392-9256E0B27E2C}.Ad-Hoc|iPhone.ActiveCfg = Release|Any CPU
		{B3EA5732-6156-45AC-B392-9256E0B27E2C}.Ad-Hoc|iPhone.Build.0 = Release|Any CPU
		{B3EA5732-6156-45AC-B392-9256E0B27E2C}.Ad-Hoc|iPhone.Deploy.0 = Release|Any CPU
		{B3EA5732-6156-45AC-B392-9256E0B27E2C}.Ad-Hoc|iPhoneSimulator.ActiveCfg = Release|Any CPU
		{B3EA5732-6156-45AC-B392-9256E0B27E2C}.Ad-Hoc|iPhoneSimulator.Build.0 = Release|Any CPU
		{B3EA5732-6156-45AC-B392-9256E0B27E2C}.Ad-Hoc|iPhoneSimulator.Deploy.0 = Release|Any CPU
		{B3EA5732-6156-45AC-B392-9256E0B27E2C}.AppStore|Any CPU.ActiveCfg = Release|Any CPU
		{B3EA5732-6156-45AC-B392-9256E0B27E2C}.AppStore|Any CPU.Build.0 = Release|Any CPU
		{B3EA5732-6156-45AC-B392-9256E0B27E2C}.AppStore|Any CPU.Deploy.0 = Release|Any CPU
		{B3EA5732-6156-45AC-B392-9256E0B27E2C}.AppStore|iPhone.ActiveCfg = Release|Any CPU
		{B3EA5732-6156-45AC-B392-9256E0B27E2C}.AppStore|iPhone.Build.0 = Release|Any CPU
		{B3EA5732-6156-45AC-B392-9256E0B27E2C}.AppStore|iPhone.Deploy.0 = Release|Any CPU
		{B3EA5732-6156-45AC-B392-9256E0B27E2C}.AppStore|iPhoneSimulator.ActiveCfg = Release|Any CPU
		{B3EA5732-6156-45AC-B392-9256E0B27E2C}.AppStore|iPhoneSimulator.Build.0 = Release|Any CPU
		{B3EA5732-6156-45AC-B392-9256E0B27E2C}.AppStore|iPhoneSimulator.Deploy.0 = Release|Any CPU
		{B3EA5732-6156-45AC-B392-9256E0B27E2C}.Debug|Any CPU.ActiveCfg = Debug|Any CPU
		{B3EA5732-6156-45AC-B392-9256E0B27E2C}.Debug|Any CPU.Build.0 = Debug|Any CPU
		{B3EA5732-6156-45AC-B392-9256E0B27E2C}.Debug|Any CPU.Deploy.0 = Debug|Any CPU
		{B3EA5732-6156-45AC-B392-9256E0B27E2C}.Debug|iPhone.ActiveCfg = Debug|Any CPU
		{B3EA5732-6156-45AC-B392-9256E0B27E2C}.Debug|iPhone.Build.0 = Debug|Any CPU
		{B3EA5732-6156-45AC-B392-9256E0B27E2C}.Debug|iPhone.Deploy.0 = Debug|Any CPU
		{B3EA5732-6156-45AC-B392-9256E0B27E2C}.Debug|iPhoneSimulator.ActiveCfg = Debug|Any CPU
		{B3EA5732-6156-45AC-B392-9256E0B27E2C}.Debug|iPhoneSimulator.Build.0 = Debug|Any CPU
		{B3EA5732-6156-45AC-B392-9256E0B27E2C}.Debug|iPhoneSimulator.Deploy.0 = Debug|Any CPU
		{B3EA5732-6156-45AC-B392-9256E0B27E2C}.Release|Any CPU.ActiveCfg = Release|Any CPU
		{B3EA5732-6156-45AC-B392-9256E0B27E2C}.Release|Any CPU.Build.0 = Release|Any CPU
		{B3EA5732-6156-45AC-B392-9256E0B27E2C}.Release|Any CPU.Deploy.0 = Release|Any CPU
		{B3EA5732-6156-45AC-B392-9256E0B27E2C}.Release|iPhone.ActiveCfg = Release|Any CPU
		{B3EA5732-6156-45AC-B392-9256E0B27E2C}.Release|iPhone.Build.0 = Release|Any CPU
		{B3EA5732-6156-45AC-B392-9256E0B27E2C}.Release|iPhone.Deploy.0 = Release|Any CPU
		{B3EA5732-6156-45AC-B392-9256E0B27E2C}.Release|iPhoneSimulator.ActiveCfg = Release|Any CPU
		{B3EA5732-6156-45AC-B392-9256E0B27E2C}.Release|iPhoneSimulator.Build.0 = Release|Any CPU
		{B3EA5732-6156-45AC-B392-9256E0B27E2C}.Release|iPhoneSimulator.Deploy.0 = Release|Any CPU
		{55C50F3B-FE1D-4ADC-AA3A-9642FEBF3905}.Ad-Hoc|Any CPU.ActiveCfg = Release|Any CPU
		{55C50F3B-FE1D-4ADC-AA3A-9642FEBF3905}.Ad-Hoc|Any CPU.Build.0 = Release|Any CPU
		{55C50F3B-FE1D-4ADC-AA3A-9642FEBF3905}.Ad-Hoc|iPhone.ActiveCfg = Release|Any CPU
		{55C50F3B-FE1D-4ADC-AA3A-9642FEBF3905}.Ad-Hoc|iPhone.Build.0 = Release|Any CPU
		{55C50F3B-FE1D-4ADC-AA3A-9642FEBF3905}.Ad-Hoc|iPhoneSimulator.ActiveCfg = Release|Any CPU
		{55C50F3B-FE1D-4ADC-AA3A-9642FEBF3905}.Ad-Hoc|iPhoneSimulator.Build.0 = Release|Any CPU
		{55C50F3B-FE1D-4ADC-AA3A-9642FEBF3905}.AppStore|Any CPU.ActiveCfg = Release|Any CPU
		{55C50F3B-FE1D-4ADC-AA3A-9642FEBF3905}.AppStore|Any CPU.Build.0 = Release|Any CPU
		{55C50F3B-FE1D-4ADC-AA3A-9642FEBF3905}.AppStore|iPhone.ActiveCfg = Release|Any CPU
		{55C50F3B-FE1D-4ADC-AA3A-9642FEBF3905}.AppStore|iPhone.Build.0 = Release|Any CPU
		{55C50F3B-FE1D-4ADC-AA3A-9642FEBF3905}.AppStore|iPhoneSimulator.ActiveCfg = Release|Any CPU
		{55C50F3B-FE1D-4ADC-AA3A-9642FEBF3905}.AppStore|iPhoneSimulator.Build.0 = Release|Any CPU
		{55C50F3B-FE1D-4ADC-AA3A-9642FEBF3905}.Debug|Any CPU.ActiveCfg = Debug|Any CPU
		{55C50F3B-FE1D-4ADC-AA3A-9642FEBF3905}.Debug|Any CPU.Build.0 = Debug|Any CPU
		{55C50F3B-FE1D-4ADC-AA3A-9642FEBF3905}.Debug|iPhone.ActiveCfg = Debug|Any CPU
		{55C50F3B-FE1D-4ADC-AA3A-9642FEBF3905}.Debug|iPhone.Build.0 = Debug|Any CPU
		{55C50F3B-FE1D-4ADC-AA3A-9642FEBF3905}.Debug|iPhoneSimulator.ActiveCfg = Debug|Any CPU
		{55C50F3B-FE1D-4ADC-AA3A-9642FEBF3905}.Debug|iPhoneSimulator.Build.0 = Debug|Any CPU
		{55C50F3B-FE1D-4ADC-AA3A-9642FEBF3905}.Release|Any CPU.ActiveCfg = Release|Any CPU
		{55C50F3B-FE1D-4ADC-AA3A-9642FEBF3905}.Release|Any CPU.Build.0 = Release|Any CPU
		{55C50F3B-FE1D-4ADC-AA3A-9642FEBF3905}.Release|iPhone.ActiveCfg = Release|Any CPU
		{55C50F3B-FE1D-4ADC-AA3A-9642FEBF3905}.Release|iPhone.Build.0 = Release|Any CPU
		{55C50F3B-FE1D-4ADC-AA3A-9642FEBF3905}.Release|iPhoneSimulator.ActiveCfg = Release|Any CPU
		{55C50F3B-FE1D-4ADC-AA3A-9642FEBF3905}.Release|iPhoneSimulator.Build.0 = Release|Any CPU
		{93523F72-5449-42AF-9C4C-845CD5D2FABB}.Ad-Hoc|Any CPU.ActiveCfg = Ad-Hoc|iPhone
		{93523F72-5449-42AF-9C4C-845CD5D2FABB}.Ad-Hoc|iPhone.ActiveCfg = Ad-Hoc|iPhone
		{93523F72-5449-42AF-9C4C-845CD5D2FABB}.Ad-Hoc|iPhone.Build.0 = Ad-Hoc|iPhone
		{93523F72-5449-42AF-9C4C-845CD5D2FABB}.Ad-Hoc|iPhoneSimulator.ActiveCfg = Ad-Hoc|iPhoneSimulator
		{93523F72-5449-42AF-9C4C-845CD5D2FABB}.Ad-Hoc|iPhoneSimulator.Build.0 = Ad-Hoc|iPhoneSimulator
		{93523F72-5449-42AF-9C4C-845CD5D2FABB}.AppStore|Any CPU.ActiveCfg = AppStore|iPhone
		{93523F72-5449-42AF-9C4C-845CD5D2FABB}.AppStore|iPhone.ActiveCfg = AppStore|iPhone
		{93523F72-5449-42AF-9C4C-845CD5D2FABB}.AppStore|iPhone.Build.0 = AppStore|iPhone
		{93523F72-5449-42AF-9C4C-845CD5D2FABB}.AppStore|iPhoneSimulator.ActiveCfg = AppStore|iPhoneSimulator
		{93523F72-5449-42AF-9C4C-845CD5D2FABB}.AppStore|iPhoneSimulator.Build.0 = AppStore|iPhoneSimulator
		{93523F72-5449-42AF-9C4C-845CD5D2FABB}.Debug|Any CPU.ActiveCfg = Debug|iPhone
		{93523F72-5449-42AF-9C4C-845CD5D2FABB}.Debug|iPhone.ActiveCfg = Debug|iPhone
		{93523F72-5449-42AF-9C4C-845CD5D2FABB}.Debug|iPhone.Build.0 = Debug|iPhone
		{93523F72-5449-42AF-9C4C-845CD5D2FABB}.Debug|iPhoneSimulator.ActiveCfg = Debug|iPhoneSimulator
		{93523F72-5449-42AF-9C4C-845CD5D2FABB}.Debug|iPhoneSimulator.Build.0 = Debug|iPhoneSimulator
		{93523F72-5449-42AF-9C4C-845CD5D2FABB}.Release|Any CPU.ActiveCfg = Release|iPhone
		{93523F72-5449-42AF-9C4C-845CD5D2FABB}.Release|iPhone.ActiveCfg = Release|iPhone
		{93523F72-5449-42AF-9C4C-845CD5D2FABB}.Release|iPhone.Build.0 = Release|iPhone
		{93523F72-5449-42AF-9C4C-845CD5D2FABB}.Release|iPhoneSimulator.ActiveCfg = Release|iPhoneSimulator
		{93523F72-5449-42AF-9C4C-845CD5D2FABB}.Release|iPhoneSimulator.Build.0 = Release|iPhoneSimulator
	EndGlobalSection
	GlobalSection(SolutionProperties) = preSolution
		HideSolutionNode = FALSE
	EndGlobalSection
EndGlobal
